
Microsoft Visual Studio Solution File, Format Version 12.00
# Visual Studio 15
VisualStudioVersion = 15.0.28307.1209
MinimumVisualStudioVersion = 10.0.40219.1
Project("{FAE04EC0-301F-11D3-BF4B-00C04F79EFBC}") = "第十天课程", "第十天课程\第十天课程.csproj", "{884CBC0A-F192-4EE6-B625-33C27B4048CF}"
EndProject
Global
	GlobalSection(SolutionConfigurationPlatforms) = preSolution
		Debug|Any CPU = Debug|Any CPU
		Release|Any CPU = Release|Any CPU
	EndGlobalSection
	GlobalSection(ProjectConfigurationPlatforms) = postSolution
		{884CBC0A-F192-4EE6-B625-33C27B4048CF}.Debug|Any CPU.ActiveCfg = Debug|Any CPU
		{884CBC0A-F192-4EE6-B625-33C27B4048CF}.Debug|Any CPU.Build.0 = Debug|Any CPU
		{884CBC0A-F192-4EE6-B625-33C27B4048CF}.Release|Any CPU.ActiveCfg = Release|Any CPU
		{884CBC0A-F192-4EE6-B625-33C27B4048CF}.Release|Any CPU.Build.0 = Release|Any CPU
	EndGlobalSection
	GlobalSection(SolutionProperties) = preSolution
		HideSolutionNode = FALSE
	EndGlobalSection
	GlobalSection(ExtensibilityGlobals) = postSolution
		SolutionGuid = {8051C554-EA7F-48EC-9913-568FE97317C2}
	EndGlobalSection
EndGlobal
